
Microsoft Visual Studio Solution File, Format Version 12.00
Project("{FAE04EC0-301F-11D3-BF4B-00C04F79EFBC}") = "UNO", "UNO\UNO.csproj", "{DA3AE81C-5F1C-4BEA-B08B-F57E85E50F43}"
EndProject
Project("{FAE04EC0-301F-11D3-BF4B-00C04F79EFBC}") = "LuumieEngine", "Luumie\LuumieEngine\LuumieEngine.csproj", "{5E00269B-2EA6-4671-8762-65851B7CA5B1}"
EndProject
Project("{2150E333-8FDC-42A3-9474-1A3956D46DE8}") = "_files", "_files", "{2EE07ABC-26F3-442E-A170-2746A8A35C17}"
	ProjectSection(SolutionItems) = preProject
		.gitignore = .gitignore
		.gitmodules = .gitmodules
		Directory.Build.props = Directory.Build.props
		README.md = README.md
		GameScreen.png = GameScreen.png
	EndProjectSection
EndProject
Global
	GlobalSection(SolutionConfigurationPlatforms) = preSolution
		Debug|Any CPU = Debug|Any CPU
		Release|Any CPU = Release|Any CPU
	EndGlobalSection
	GlobalSection(ProjectConfigurationPlatforms) = postSolution
		{DA3AE81C-5F1C-4BEA-B08B-F57E85E50F43}.Debug|Any CPU.ActiveCfg = Debug|Any CPU
		{DA3AE81C-5F1C-4BEA-B08B-F57E85E50F43}.Debug|Any CPU.Build.0 = Debug|Any CPU
		{DA3AE81C-5F1C-4BEA-B08B-F57E85E50F43}.Release|Any CPU.ActiveCfg = Release|Any CPU
		{DA3AE81C-5F1C-4BEA-B08B-F57E85E50F43}.Release|Any CPU.Build.0 = Release|Any CPU
		{5E00269B-2EA6-4671-8762-65851B7CA5B1}.Debug|Any CPU.ActiveCfg = Debug|Any CPU
		{5E00269B-2EA6-4671-8762-65851B7CA5B1}.Debug|Any CPU.Build.0 = Debug|Any CPU
		{5E00269B-2EA6-4671-8762-65851B7CA5B1}.Release|Any CPU.ActiveCfg = Release|Any CPU
		{5E00269B-2EA6-4671-8762-65851B7CA5B1}.Release|Any CPU.Build.0 = Release|Any CPU
	EndGlobalSection
	GlobalSection(NestedProjects) = preSolution
	EndGlobalSection
EndGlobal
